{
  "requires": true,
  "lockfileVersion": 1,
  "dependencies": {
    "google-closure-compiler-linux": {
      "version": "20190909.0.0",
      "resolved": "https://registry.npmjs.org/google-closure-compiler-linux/-/google-closure-compiler-linux-20190909.0.0.tgz",
      "integrity": "sha512-4mTUVhrkjS4d4LREqOWIwPT4lfbUJAs5nh9gTJ7vHtBxa8aE08ynGPz4zhO9gYpRb3mDVYd7BHA2dvJWtFRiDw=="
    }
  }
}
